
Microsoft Visual Studio Solution File, Format Version 12.00
# Visual Studio 14
VisualStudioVersion = 14.0.23107.0
MinimumVisualStudioVersion = 10.0.40219.1
Project("{FAE04EC0-301F-11D3-BF4B-00C04F79EFBC}") = "Wayne-County-Historical-Win-UA-App", "Wayne-County-Historical-Win-UA-App\Wayne-County-Historical-Win-UA-App.csproj", "{DD0639E9-E075-44D3-BE32-71DA7E198AAA}"
EndProject
Global
	GlobalSection(SolutionConfigurationPlatforms) = preSolution
		Debug|ARM = Debug|ARM
		Debug|x64 = Debug|x64
		Debug|x86 = Debug|x86
		Release|ARM = Release|ARM
		Release|x64 = Release|x64
		Release|x86 = Release|x86
	EndGlobalSection
	GlobalSection(ProjectConfigurationPlatforms) = postSolution
		{DD0639E9-E075-44D3-BE32-71DA7E198AAA}.Debug|ARM.ActiveCfg = Debug|ARM
		{DD0639E9-E075-44D3-BE32-71DA7E198AAA}.Debug|ARM.Build.0 = Debug|ARM
		{DD0639E9-E075-44D3-BE32-71DA7E198AAA}.Debug|ARM.Deploy.0 = Debug|ARM
		{DD0639E9-E075-44D3-BE32-71DA7E198AAA}.Debug|x64.ActiveCfg = Debug|x64
		{DD0639E9-E075-44D3-BE32-71DA7E198AAA}.Debug|x64.Build.0 = Debug|x64
		{DD0639E9-E075-44D3-BE32-71DA7E198AAA}.Debug|x64.Deploy.0 = Debug|x64
		{DD0639E9-E075-44D3-BE32-71DA7E198AAA}.Debug|x86.ActiveCfg = Debug|x86
		{DD0639E9-E075-44D3-BE32-71DA7E198AAA}.Debug|x86.Build.0 = Debug|x86
		{DD0639E9-E075-44D3-BE32-71DA7E198AAA}.Debug|x86.Deploy.0 = Debug|x86
		{DD0639E9-E075-44D3-BE32-71DA7E198AAA}.Release|ARM.ActiveCfg = Release|ARM
		{DD0639E9-E075-44D3-BE32-71DA7E198AAA}.Release|ARM.Build.0 = Release|ARM
		{DD0639E9-E075-44D3-BE32-71DA7E198AAA}.Release|ARM.Deploy.0 = Release|ARM
		{DD0639E9-E075-44D3-BE32-71DA7E198AAA}.Release|x64.ActiveCfg = Release|x64
		{DD0639E9-E075-44D3-BE32-71DA7E198AAA}.Release|x64.Build.0 = Release|x64
		{DD0639E9-E075-44D3-BE32-71DA7E198AAA}.Release|x64.Deploy.0 = Release|x64
		{DD0639E9-E075-44D3-BE32-71DA7E198AAA}.Release|x86.ActiveCfg = Release|x86
		{DD0639E9-E075-44D3-BE32-71DA7E198AAA}.Release|x86.Build.0 = Release|x86
		{DD0639E9-E075-44D3-BE32-71DA7E198AAA}.Release|x86.Deploy.0 = Release|x86
	EndGlobalSection
	GlobalSection(SolutionProperties) = preSolution
		HideSolutionNode = FALSE
	EndGlobalSection
EndGlobal
